
Microsoft Visual Studio Solution File, Format Version 12.00
# Visual Studio Version 17
VisualStudioVersion = 17.14.36623.8
MinimumVisualStudioVersion = 10.0.40219.1
Project("{FAE04EC0-301F-11D3-BF4B-00C04F79EFBC}") = "MqttReceiver", "MqttReceiver.csproj", "{10ED67FC-53AF-4D0B-9997-87D5C367F6E4}"
EndProject
Project("{FAE04EC0-301F-11D3-BF4B-00C04F79EFBC}") = "MqttSender", "..\..\MqttSender\MqttSender.csproj", "{69F228B2-AFA2-E1B8-FA9A-7FF60F0D7A69}"
EndProject
Global
	GlobalSection(SolutionConfigurationPlatforms) = preSolution
		Debug|Any CPU = Debug|Any CPU
		Release|Any CPU = Release|Any CPU
	EndGlobalSection
	GlobalSection(ProjectConfigurationPlatforms) = postSolution
		{10ED67FC-53AF-4D0B-9997-87D5C367F6E4}.Debug|Any CPU.ActiveCfg = Debug|Any CPU
		{10ED67FC-53AF-4D0B-9997-87D5C367F6E4}.Debug|Any CPU.Build.0 = Debug|Any CPU
		{10ED67FC-53AF-4D0B-9997-87D5C367F6E4}.Release|Any CPU.ActiveCfg = Release|Any CPU
		{10ED67FC-53AF-4D0B-9997-87D5C367F6E4}.Release|Any CPU.Build.0 = Release|Any CPU
		{69F228B2-AFA2-E1B8-FA9A-7FF60F0D7A69}.Debug|Any CPU.ActiveCfg = Debug|Any CPU
		{69F228B2-AFA2-E1B8-FA9A-7FF60F0D7A69}.Debug|Any CPU.Build.0 = Debug|Any CPU
		{69F228B2-AFA2-E1B8-FA9A-7FF60F0D7A69}.Release|Any CPU.ActiveCfg = Release|Any CPU
		{69F228B2-AFA2-E1B8-FA9A-7FF60F0D7A69}.Release|Any CPU.Build.0 = Release|Any CPU
	EndGlobalSection
	GlobalSection(SolutionProperties) = preSolution
		HideSolutionNode = FALSE
	EndGlobalSection
	GlobalSection(ExtensibilityGlobals) = postSolution
		SolutionGuid = {4CF0060A-710C-408A-83FF-4FDA25A623FC}
	EndGlobalSection
EndGlobal
